
Microsoft Visual Studio Solution File, Format Version 12.00
# Visual Studio Version 17
VisualStudioVersion = 17.9.34902.65
MinimumVisualStudioVersion = 10.0.40219.1
Project("{FAE04EC0-301F-11D3-BF4B-00C04F79EFBC}") = "BusinessLayer", "BusinessLayer\BusinessLayer.csproj", "{2BE8DEC9-BB10-4F2F-84BD-F079C19638F4}"
EndProject
Project("{FAE04EC0-301F-11D3-BF4B-00C04F79EFBC}") = "DataLayer", "DataLayer\DataLayer.csproj", "{4E8F73A3-B024-4FD6-9AED-3C564CDFBD68}"
EndProject
Project("{FAE04EC0-301F-11D3-BF4B-00C04F79EFBC}") = "PresentationLayer", "PresentationLayer\PresentationLayer.csproj", "{DC783642-41A9-4A7E-AB93-EE0F55992694}"
EndProject
Global
	GlobalSection(SolutionConfigurationPlatforms) = preSolution
		Debug|Any CPU = Debug|Any CPU
		Release|Any CPU = Release|Any CPU
	EndGlobalSection
	GlobalSection(ProjectConfigurationPlatforms) = postSolution
		{2BE8DEC9-BB10-4F2F-84BD-F079C19638F4}.Debug|Any CPU.ActiveCfg = Debug|Any CPU
		{2BE8DEC9-BB10-4F2F-84BD-F079C19638F4}.Debug|Any CPU.Build.0 = Debug|Any CPU
		{2BE8DEC9-BB10-4F2F-84BD-F079C19638F4}.Release|Any CPU.ActiveCfg = Release|Any CPU
		{2BE8DEC9-BB10-4F2F-84BD-F079C19638F4}.Release|Any CPU.Build.0 = Release|Any CPU
		{4E8F73A3-B024-4FD6-9AED-3C564CDFBD68}.Debug|Any CPU.ActiveCfg = Debug|Any CPU
		{4E8F73A3-B024-4FD6-9AED-3C564CDFBD68}.Debug|Any CPU.Build.0 = Debug|Any CPU
		{4E8F73A3-B024-4FD6-9AED-3C564CDFBD68}.Release|Any CPU.ActiveCfg = Release|Any CPU
		{4E8F73A3-B024-4FD6-9AED-3C564CDFBD68}.Release|Any CPU.Build.0 = Release|Any CPU
		{DC783642-41A9-4A7E-AB93-EE0F55992694}.Debug|Any CPU.ActiveCfg = Debug|Any CPU
		{DC783642-41A9-4A7E-AB93-EE0F55992694}.Debug|Any CPU.Build.0 = Debug|Any CPU
		{DC783642-41A9-4A7E-AB93-EE0F55992694}.Release|Any CPU.ActiveCfg = Release|Any CPU
		{DC783642-41A9-4A7E-AB93-EE0F55992694}.Release|Any CPU.Build.0 = Release|Any CPU
	EndGlobalSection
	GlobalSection(SolutionProperties) = preSolution
		HideSolutionNode = FALSE
	EndGlobalSection
	GlobalSection(ExtensibilityGlobals) = postSolution
		SolutionGuid = {31523F56-D78E-4B9A-A77C-3A5ECD558507}
	EndGlobalSection
EndGlobal
